
Microsoft Visual Studio Solution File, Format Version 12.00
# Visual Studio 14
VisualStudioVersion = 14.0.25420.1
MinimumVisualStudioVersion = 10.0.40219.1
Project("{FAE04EC0-301F-11D3-BF4B-00C04F79EFBC}") = "TLRent", "TLRent\TLRent.csproj", "{DD0AB656-038F-488D-8A68-7E9BB1C9F59B}"
EndProject
Project("{FAE04EC0-301F-11D3-BF4B-00C04F79EFBC}") = "SPYDF.API", "SPYDF.API\SPYDF.API.csproj", "{BB913E14-4481-40B9-8E7D-5899BA063829}"
EndProject
Project("{FAE04EC0-301F-11D3-BF4B-00C04F79EFBC}") = "SPYDF.API.BLL", "SPYDF.API.BLL\SPYDF.API.BLL.csproj", "{15F72FB0-3086-4E05-A198-3C4B94CDAF4F}"
EndProject
Project("{FAE04EC0-301F-11D3-BF4B-00C04F79EFBC}") = "SPYDF.Model", "SPYDF.Model\SPYDF.Model.csproj", "{3D1CA34E-591F-48C7-9BB0-024350975066}"
EndProject
Project("{FAE04EC0-301F-11D3-BF4B-00C04F79EFBC}") = "SPYDF.Core", "SPYDF.Core\SPYDF.Core.csproj", "{BD1FD061-0BFC-4E12-AD37-D2F33DDA14A2}"
EndProject
Global
	GlobalSection(SolutionConfigurationPlatforms) = preSolution
		Debug|Any CPU = Debug|Any CPU
		Release|Any CPU = Release|Any CPU
	EndGlobalSection
	GlobalSection(ProjectConfigurationPlatforms) = postSolution
		{DD0AB656-038F-488D-8A68-7E9BB1C9F59B}.Debug|Any CPU.ActiveCfg = Debug|Any CPU
		{DD0AB656-038F-488D-8A68-7E9BB1C9F59B}.Debug|Any CPU.Build.0 = Debug|Any CPU
		{DD0AB656-038F-488D-8A68-7E9BB1C9F59B}.Release|Any CPU.ActiveCfg = Release|Any CPU
		{DD0AB656-038F-488D-8A68-7E9BB1C9F59B}.Release|Any CPU.Build.0 = Release|Any CPU
		{BB913E14-4481-40B9-8E7D-5899BA063829}.Debug|Any CPU.ActiveCfg = Debug|Any CPU
		{BB913E14-4481-40B9-8E7D-5899BA063829}.Debug|Any CPU.Build.0 = Debug|Any CPU
		{BB913E14-4481-40B9-8E7D-5899BA063829}.Release|Any CPU.ActiveCfg = Release|Any CPU
		{BB913E14-4481-40B9-8E7D-5899BA063829}.Release|Any CPU.Build.0 = Release|Any CPU
		{15F72FB0-3086-4E05-A198-3C4B94CDAF4F}.Debug|Any CPU.ActiveCfg = Debug|Any CPU
		{15F72FB0-3086-4E05-A198-3C4B94CDAF4F}.Debug|Any CPU.Build.0 = Debug|Any CPU
		{15F72FB0-3086-4E05-A198-3C4B94CDAF4F}.Release|Any CPU.ActiveCfg = Release|Any CPU
		{15F72FB0-3086-4E05-A198-3C4B94CDAF4F}.Release|Any CPU.Build.0 = Release|Any CPU
		{3D1CA34E-591F-48C7-9BB0-024350975066}.Debug|Any CPU.ActiveCfg = Debug|Any CPU
		{3D1CA34E-591F-48C7-9BB0-024350975066}.Debug|Any CPU.Build.0 = Debug|Any CPU
		{3D1CA34E-591F-48C7-9BB0-024350975066}.Release|Any CPU.ActiveCfg = Release|Any CPU
		{3D1CA34E-591F-48C7-9BB0-024350975066}.Release|Any CPU.Build.0 = Release|Any CPU
		{BD1FD061-0BFC-4E12-AD37-D2F33DDA14A2}.Debug|Any CPU.ActiveCfg = Debug|Any CPU
		{BD1FD061-0BFC-4E12-AD37-D2F33DDA14A2}.Debug|Any CPU.Build.0 = Debug|Any CPU
		{BD1FD061-0BFC-4E12-AD37-D2F33DDA14A2}.Release|Any CPU.ActiveCfg = Release|Any CPU
		{BD1FD061-0BFC-4E12-AD37-D2F33DDA14A2}.Release|Any CPU.Build.0 = Release|Any CPU
	EndGlobalSection
	GlobalSection(SolutionProperties) = preSolution
		HideSolutionNode = FALSE
	EndGlobalSection
EndGlobal
